// !$*UTF8*$!
{
	archiveVersion = 1;
	classes = {
	};
	objectVersion = 55;
	objects = {

/* Begin PBXBuildFile section */
		DFDC138F291AA05100D4D7CC /* AppDelegate.swift in Sources */ = {isa = PBXBuildFile; fileRef = DFDC138E291AA05100D4D7CC /* AppDelegate.swift */; };
		DFDC1391291AA05100D4D7CC /* SceneDelegate.swift in Sources */ = {isa = PBXBuildFile; fileRef = DFDC1390291AA05100D4D7CC /* SceneDelegate.swift */; };
		DFDC1398291AA05400D4D7CC /* Assets.xcassets in Resources */ = {isa = PBXBuildFile; fileRef = DFDC1397291AA05400D4D7CC /* Assets.xcassets */; };
		DFDC139B291AA05400D4D7CC /* LaunchScreen.storyboard in Resources */ = {isa = PBXBuildFile; fileRef = DFDC1399291AA05400D4D7CC /* LaunchScreen.storyboard */; };
		DFDC13A6291AA05500D4D7CC /* ViperArchitectureTests.swift in Sources */ = {isa = PBXBuildFile; fileRef = DFDC13A5291AA05500D4D7CC /* ViperArchitectureTests.swift */; };
		DFDC13B0291AA05500D4D7CC /* ViperArchitectureUITests.swift in Sources */ = {isa = PBXBuildFile; fileRef = DFDC13AF291AA05500D4D7CC /* ViperArchitectureUITests.swift */; };
		DFDC13B2291AA05500D4D7CC /* ViperArchitectureUITestsLaunchTests.swift in Sources */ = {isa = PBXBuildFile; fileRef = DFDC13B1291AA05500D4D7CC /* ViperArchitectureUITestsLaunchTests.swift */; };
		DFDC13C5291AA1ED00D4D7CC /* HomeInteractor.swift in Sources */ = {isa = PBXBuildFile; fileRef = DFDC13C4291AA1ED00D4D7CC /* HomeInteractor.swift */; };
		DFDC13C7291AA23C00D4D7CC /* HomePresenter.swift in Sources */ = {isa = PBXBuildFile; fileRef = DFDC13C6291AA23C00D4D7CC /* HomePresenter.swift */; };
		DFDC13C9291AA2E100D4D7CC /* HomeRouter.swift in Sources */ = {isa = PBXBuildFile; fileRef = DFDC13C8291AA2E100D4D7CC /* HomeRouter.swift */; };
		DFDC13CB291AA32500D4D7CC /* HomeView.swift in Sources */ = {isa = PBXBuildFile; fileRef = DFDC13CA291AA32500D4D7CC /* HomeView.swift */; };
		DFDC13CD291AA37F00D4D7CC /* CharacterModel.swift in Sources */ = {isa = PBXBuildFile; fileRef = DFDC13CC291AA37F00D4D7CC /* CharacterModel.swift */; };
/* End PBXBuildFile section */

/* Begin PBXContainerItemProxy section */
		DFDC13A2291AA05500D4D7CC /* PBXContainerItemProxy */ = {
			isa = PBXContainerItemProxy;
			containerPortal = DFDC1383291AA05100D4D7CC /* Project object */;
			proxyType = 1;
			remoteGlobalIDString = DFDC138A291AA05100D4D7CC;
			remoteInfo = ViperArchitecture;
		};
		DFDC13AC291AA05500D4D7CC /* PBXContainerItemProxy */ = {
			isa = PBXContainerItemProxy;
			containerPortal = DFDC1383291AA05100D4D7CC /* Project object */;
			proxyType = 1;
			remoteGlobalIDString = DFDC138A291AA05100D4D7CC;
			remoteInfo = ViperArchitecture;
		};
/* End PBXContainerItemProxy section */

/* Begin PBXFileReference section */
		DFDC138B291AA05100D4D7CC /* ViperArchitecture.app */ = {isa = PBXFileReference; explicitFileType = wrapper.application; includeInIndex = 0; path = ViperArchitecture.app; sourceTree = BUILT_PRODUCTS_DIR; };
		DFDC138E291AA05100D4D7CC /* AppDelegate.swift */ = {isa = PBXFileReference; lastKnownFileType = sourcecode.swift; path = AppDelegate.swift; sourceTree = "<group>"; };
		DFDC1390291AA05100D4D7CC /* SceneDelegate.swift */ = {isa = PBXFileReference; lastKnownFileType = sourcecode.swift; path = SceneDelegate.swift; sourceTree = "<group>"; };
		DFDC1397291AA05400D4D7CC /* Assets.xcassets */ = {isa = PBXFileReference; lastKnownFileType = folder.assetcatalog; path = Assets.xcassets; sourceTree = "<group>"; };
		DFDC139A291AA05400D4D7CC /* Base */ = {isa = PBXFileReference; lastKnownFileType = file.storyboard; name = Base; path = Base.lproj/LaunchScreen.storyboard; sourceTree = "<group>"; };
		DFDC139C291AA05400D4D7CC /* Info.plist */ = {isa = PBXFileReference; lastKnownFileType = text.plist.xml; path = Info.plist; sourceTree = "<group>"; };
		DFDC13A1291AA05500D4D7CC /* ViperArchitectureTests.xctest */ = {isa = PBXFileReference; explicitFileType = wrapper.cfbundle; includeInIndex = 0; path = ViperArchitectureTests.xctest; sourceTree = BUILT_PRODUCTS_DIR; };
		DFDC13A5291AA05500D4D7CC /* ViperArchitectureTests.swift */ = {isa = PBXFileReference; lastKnownFileType = sourcecode.swift; path = ViperArchitectureTests.swift; sourceTree = "<group>"; };
		DFDC13AB291AA05500D4D7CC /* ViperArchitectureUITests.xctest */ = {isa = PBXFileReference; explicitFileType = wrapper.cfbundle; includeInIndex = 0; path = ViperArchitectureUITests.xctest; sourceTree = BUILT_PRODUCTS_DIR; };
		DFDC13AF291AA05500D4D7CC /* ViperArchitectureUITests.swift */ = {isa = PBXFileReference; lastKnownFileType = sourcecode.swift; path = ViperArchitectureUITests.swift; sourceTree = "<group>"; };
		DFDC13B1291AA05500D4D7CC /* ViperArchitectureUITestsLaunchTests.swift */ = {isa = PBXFileReference; lastKnownFileType = sourcecode.swift; path = ViperArchitectureUITestsLaunchTests.swift; sourceTree = "<group>"; };
		DFDC13C4291AA1ED00D4D7CC /* HomeInteractor.swift */ = {isa = PBXFileReference; lastKnownFileType = sourcecode.swift; path = HomeInteractor.swift; sourceTree = "<group>"; };
		DFDC13C6291AA23C00D4D7CC /* HomePresenter.swift */ = {isa = PBXFileReference; lastKnownFileType = sourcecode.swift; path = HomePresenter.swift; sourceTree = "<group>"; };
		DFDC13C8291AA2E100D4D7CC /* HomeRouter.swift */ = {isa = PBXFileReference; lastKnownFileType = sourcecode.swift; path = HomeRouter.swift; sourceTree = "<group>"; };
		DFDC13CA291AA32500D4D7CC /* HomeView.swift */ = {isa = PBXFileReference; lastKnownFileType = sourcecode.swift; path = HomeView.swift; sourceTree = "<group>"; };
		DFDC13CC291AA37F00D4D7CC /* CharacterModel.swift */ = {isa = PBXFileReference; lastKnownFileType = sourcecode.swift; path = CharacterModel.swift; sourceTree = "<group>"; };
/* End PBXFileReference section */

/* Begin PBXFrameworksBuildPhase section */
		DFDC1388291AA05100D4D7CC /* Frameworks */ = {
			isa = PBXFrameworksBuildPhase;
			buildActionMask = 2147483647;
			files = (
			);
			runOnlyForDeploymentPostprocessing = 0;
		};
		DFDC139E291AA05500D4D7CC /* Frameworks */ = {
			isa = PBXFrameworksBuildPhase;
			buildActionMask = 2147483647;
			files = (
			);
			runOnlyForDeploymentPostprocessing = 0;
		};
		DFDC13A8291AA05500D4D7CC /* Frameworks */ = {
			isa = PBXFrameworksBuildPhase;
			buildActionMask = 2147483647;
			files = (
			);
			runOnlyForDeploymentPostprocessing = 0;
		};
/* End PBXFrameworksBuildPhase section */

/* Begin PBXGroup section */
		DFDC1382291AA05100D4D7CC = {
			isa = PBXGroup;
			children = (
				DFDC138D291AA05100D4D7CC /* ViperArchitecture */,
				DFDC13A4291AA05500D4D7CC /* ViperArchitectureTests */,
				DFDC13AE291AA05500D4D7CC /* ViperArchitectureUITests */,
				DFDC138C291AA05100D4D7CC /* Products */,
			);
			sourceTree = "<group>";
		};
		DFDC138C291AA05100D4D7CC /* Products */ = {
			isa = PBXGroup;
			children = (
				DFDC138B291AA05100D4D7CC /* ViperArchitecture.app */,
				DFDC13A1291AA05500D4D7CC /* ViperArchitectureTests.xctest */,
				DFDC13AB291AA05500D4D7CC /* ViperArchitectureUITests.xctest */,
			);
			name = Products;
			sourceTree = "<group>";
		};
		DFDC138D291AA05100D4D7CC /* ViperArchitecture */ = {
			isa = PBXGroup;
			children = (
				DFDC13BE291AA1A500D4D7CC /* HomeModule */,
				DFDC138E291AA05100D4D7CC /* AppDelegate.swift */,
				DFDC1390291AA05100D4D7CC /* SceneDelegate.swift */,
				DFDC1397291AA05400D4D7CC /* Assets.xcassets */,
				DFDC1399291AA05400D4D7CC /* LaunchScreen.storyboard */,
				DFDC139C291AA05400D4D7CC /* Info.plist */,
			);
			path = ViperArchitecture;
			sourceTree = "<group>";
		};
		DFDC13A4291AA05500D4D7CC /* ViperArchitectureTests */ = {
			isa = PBXGroup;
			children = (
				DFDC13A5291AA05500D4D7CC /* ViperArchitectureTests.swift */,
			);
			path = ViperArchitectureTests;
			sourceTree = "<group>";
		};
		DFDC13AE291AA05500D4D7CC /* ViperArchitectureUITests */ = {
			isa = PBXGroup;
			children = (
				DFDC13AF291AA05500D4D7CC /* ViperArchitectureUITests.swift */,
				DFDC13B1291AA05500D4D7CC /* ViperArchitectureUITestsLaunchTests.swift */,
			);
			path = ViperArchitectureUITests;
			sourceTree = "<group>";
		};
		DFDC13BE291AA1A500D4D7CC /* HomeModule */ = {
			isa = PBXGroup;
			children = (
				DFDC13C3291AA1D900D4D7CC /* Router */,
				DFDC13C2291AA1D000D4D7CC /* Entity */,
				DFDC13C1291AA1C100D4D7CC /* Presenter */,
				DFDC13C0291AA1B700D4D7CC /* View */,
				DFDC13BF291AA1AF00D4D7CC /* Interactor */,
			);
			path = HomeModule;
			sourceTree = "<group>";
		};
		DFDC13BF291AA1AF00D4D7CC /* Interactor */ = {
			isa = PBXGroup;
			children = (
				DFDC13C4291AA1ED00D4D7CC /* HomeInteractor.swift */,
			);
			path = Interactor;
			sourceTree = "<group>";
		};
		DFDC13C0291AA1B700D4D7CC /* View */ = {
			isa = PBXGroup;
			children = (
				DFDC13CA291AA32500D4D7CC /* HomeView.swift */,
			);
			path = View;
			sourceTree = "<group>";
		};
		DFDC13C1291AA1C100D4D7CC /* Presenter */ = {
			isa = PBXGroup;
			children = (
				DFDC13C6291AA23C00D4D7CC /* HomePresenter.swift */,
			);
			path = Presenter;
			sourceTree = "<group>";
		};
		DFDC13C2291AA1D000D4D7CC /* Entity */ = {
			isa = PBXGroup;
			children = (
				DFDC13CC291AA37F00D4D7CC /* CharacterModel.swift */,
			);
			path = Entity;
			sourceTree = "<group>";
		};
		DFDC13C3291AA1D900D4D7CC /* Router */ = {
			isa = PBXGroup;
			children = (
				DFDC13C8291AA2E100D4D7CC /* HomeRouter.swift */,
			);
			path = Router;
			sourceTree = "<group>";
		};
/* End PBXGroup section */

/* Begin PBXNativeTarget section */
		DFDC138A291AA05100D4D7CC /* ViperArchitecture */ = {
			isa = PBXNativeTarget;
			buildConfigurationList = DFDC13B5291AA05500D4D7CC /* Build configuration list for PBXNativeTarget "ViperArchitecture" */;
			buildPhases = (
				DFDC1387291AA05100D4D7CC /* Sources */,
				DFDC1388291AA05100D4D7CC /* Frameworks */,
				DFDC1389291AA05100D4D7CC /* Resources */,
			);
			buildRules = (
			);
			dependencies = (
			);
			name = ViperArchitecture;
			productName = ViperArchitecture;
			productReference = DFDC138B291AA05100D4D7CC /* ViperArchitecture.app */;
			productType = "com.apple.product-type.application";
		};
		DFDC13A0291AA05500D4D7CC /* ViperArchitectureTests */ = {
			isa = PBXNativeTarget;
			buildConfigurationList = DFDC13B8291AA05500D4D7CC /* Build configuration list for PBXNativeTarget "ViperArchitectureTests" */;
			buildPhases = (
				DFDC139D291AA05500D4D7CC /* Sources */,
				DFDC139E291AA05500D4D7CC /* Frameworks */,
				DFDC139F291AA05500D4D7CC /* Resources */,
			);
			buildRules = (
			);
			dependencies = (
				DFDC13A3291AA05500D4D7CC /* PBXTargetDependency */,
			);
			name = ViperArchitectureTests;
			productName = ViperArchitectureTests;
			productReference = DFDC13A1291AA05500D4D7CC /* ViperArchitectureTests.xctest */;
			productType = "com.apple.product-type.bundle.unit-test";
		};
		DFDC13AA291AA05500D4D7CC /* ViperArchitectureUITests */ = {
			isa = PBXNativeTarget;
			buildConfigurationList = DFDC13BB291AA05500D4D7CC /* Build configuration list for PBXNativeTarget "ViperArchitectureUITests" */;
			buildPhases = (
				DFDC13A7291AA05500D4D7CC /* Sources */,
				DFDC13A8291AA05500D4D7CC /* Frameworks */,
				DFDC13A9291AA05500D4D7CC /* Resources */,
			);
			buildRules = (
			);
			dependencies = (
				DFDC13AD291AA05500D4D7CC /* PBXTargetDependency */,
			);
			name = ViperArchitectureUITests;
			productName = ViperArchitectureUITests;
			productReference = DFDC13AB291AA05500D4D7CC /* ViperArchitectureUITests.xctest */;
			productType = "com.apple.product-type.bundle.ui-testing";
		};
/* End PBXNativeTarget section */

/* Begin PBXProject section */
		DFDC1383291AA05100D4D7CC /* Project object */ = {
			isa = PBXProject;
			attributes = {
				BuildIndependentTargetsInParallel = 1;
				LastSwiftUpdateCheck = 1320;
				LastUpgradeCheck = 1320;
				TargetAttributes = {
					DFDC138A291AA05100D4D7CC = {
						CreatedOnToolsVersion = 13.2.1;
					};
					DFDC13A0291AA05500D4D7CC = {
						CreatedOnToolsVersion = 13.2.1;
						TestTargetID = DFDC138A291AA05100D4D7CC;
					};
					DFDC13AA291AA05500D4D7CC = {
						CreatedOnToolsVersion = 13.2.1;
						TestTargetID = DFDC138A291AA05100D4D7CC;
					};
				};
			};
			buildConfigurationList = DFDC1386291AA05100D4D7CC /* Build configuration list for PBXProject "ViperArchitecture" */;
			compatibilityVersion = "Xcode 13.0";
			developmentRegion = en;
			hasScannedForEncodings = 0;
			knownRegions = (
				en,
				Base,
			);
			mainGroup = DFDC1382291AA05100D4D7CC;
			productRefGroup = DFDC138C291AA05100D4D7CC /* Products */;
			projectDirPath = "";
			projectRoot = "";
			targets = (
				DFDC138A291AA05100D4D7CC /* ViperArchitecture */,
				DFDC13A0291AA05500D4D7CC /* ViperArchitectureTests */,
				DFDC13AA291AA05500D4D7CC /* ViperArchitectureUITests */,
			);
		};
/* End PBXProject section */

/* Begin PBXResourcesBuildPhase section */
		DFDC1389291AA05100D4D7CC /* Resources */ = {
			isa = PBXResourcesBuildPhase;
			buildActionMask = 2147483647;
			files = (
				DFDC139B291AA05400D4D7CC /* LaunchScreen.storyboard in Resources */,
				DFDC1398291AA05400D4D7CC /* Assets.xcassets in Resources */,
			);
			runOnlyForDeploymentPostprocessing = 0;
		};
		DFDC139F291AA05500D4D7CC /* Resources */ = {
			isa = PBXResourcesBuildPhase;
			buildActionMask = 2147483647;
			files = (
			);
			runOnlyForDeploymentPostprocessing = 0;
		};
		DFDC13A9291AA05500D4D7CC /* Resources */ = {
			isa = PBXResourcesBuildPhase;
			buildActionMask = 2147483647;
			files = (
			);
			runOnlyForDeploymentPostprocessing = 0;
		};
/* End PBXResourcesBuildPhase section */

/* Begin PBXSourcesBuildPhase section */
		DFDC1387291AA05100D4D7CC /* Sources */ = {
			isa = PBXSourcesBuildPhase;
			buildActionMask = 2147483647;
			files = (
				DFDC13C5291AA1ED00D4D7CC /* HomeInteractor.swift in Sources */,
				DFDC138F291AA05100D4D7CC /* AppDelegate.swift in Sources */,
				DFDC1391291AA05100D4D7CC /* SceneDelegate.swift in Sources */,
				DFDC13CB291AA32500D4D7CC /* HomeView.swift in Sources */,
				DFDC13C7291AA23C00D4D7CC /* HomePresenter.swift in Sources */,
				DFDC13CD291AA37F00D4D7CC /* CharacterModel.swift in Sources */,
				DFDC13C9291AA2E100D4D7CC /* HomeRouter.swift in Sources */,
			);
			runOnlyForDeploymentPostprocessing = 0;
		};
		DFDC139D291AA05500D4D7CC /* Sources */ = {
			isa = PBXSourcesBuildPhase;
			buildActionMask = 2147483647;
			files = (
				DFDC13A6291AA05500D4D7CC /* ViperArchitectureTests.swift in Sources */,
			);
			runOnlyForDeploymentPostprocessing = 0;
		};
		DFDC13A7291AA05500D4D7CC /* Sources */ = {
			isa = PBXSourcesBuildPhase;
			buildActionMask = 2147483647;
			files = (
				DFDC13B2291AA05500D4D7CC /* ViperArchitectureUITestsLaunchTests.swift in Sources */,
				DFDC13B0291AA05500D4D7CC /* ViperArchitectureUITests.swift in Sources */,
			);
			runOnlyForDeploymentPostprocessing = 0;
		};
/* End PBXSourcesBuildPhase section */

/* Begin PBXTargetDependency section */
		DFDC13A3291AA05500D4D7CC /* PBXTargetDependency */ = {
			isa = PBXTargetDependency;
			target = DFDC138A291AA05100D4D7CC /* ViperArchitecture */;
			targetProxy = DFDC13A2291AA05500D4D7CC /* PBXContainerItemProxy */;
		};
		DFDC13AD291AA05500D4D7CC /* PBXTargetDependency */ = {
			isa = PBXTargetDependency;
			target = DFDC138A291AA05100D4D7CC /* ViperArchitecture */;
			targetProxy = DFDC13AC291AA05500D4D7CC /* PBXContainerItemProxy */;
		};
/* End PBXTargetDependency section */

/* Begin PBXVariantGroup section */
		DFDC1399291AA05400D4D7CC /* LaunchScreen.storyboard */ = {
			isa = PBXVariantGroup;
			children = (
				DFDC139A291AA05400D4D7CC /* Base */,
			);
			name = LaunchScreen.storyboard;
			sourceTree = "<group>";
		};
/* End PBXVariantGroup section */

/* Begin XCBuildConfiguration section */
		DFDC13B3291AA05500D4D7CC /* Debug */ = {
			isa = XCBuildConfiguration;
			buildSettings = {
				ALWAYS_SEARCH_USER_PATHS = NO;
				CLANG_ANALYZER_NONNULL = YES;
				CLANG_ANALYZER_NUMBER_OBJECT_CONVERSION = YES_AGGRESSIVE;
				CLANG_CXX_LANGUAGE_STANDARD = "gnu++17";
				CLANG_CXX_LIBRARY = "libc++";
				CLANG_ENABLE_MODULES = YES;
				CLANG_ENABLE_OBJC_ARC = YES;
				CLANG_ENABLE_OBJC_WEAK = YES;
				CLANG_WARN_BLOCK_CAPTURE_AUTORELEASING = YES;
				CLANG_WARN_BOOL_CONVERSION = YES;
				CLANG_WARN_COMMA = YES;
				CLANG_WARN_CONSTANT_CONVERSION = YES;
				CLANG_WARN_DEPRECATED_OBJC_IMPLEMENTATIONS = YES;
				CLANG_WARN_DIRECT_OBJC_ISA_USAGE = YES_ERROR;
				CLANG_WARN_DOCUMENTATION_COMMENTS = YES;
				CLANG_WARN_EMPTY_BODY = YES;
				CLANG_WARN_ENUM_CONVERSION = YES;
				CLANG_WARN_INFINITE_RECURSION = YES;
				CLANG_WARN_INT_CONVERSION = YES;
				CLANG_WARN_NON_LITERAL_NULL_CONVERSION = YES;
				CLANG_WARN_OBJC_IMPLICIT_RETAIN_SELF = YES;
				CLANG_WARN_OBJC_LITERAL_CONVERSION = YES;
				CLANG_WARN_OBJC_ROOT_CLASS = YES_ERROR;
				CLANG_WARN_QUOTED_INCLUDE_IN_FRAMEWORK_HEADER = YES;
				CLANG_WARN_RANGE_LOOP_ANALYSIS = YES;
				CLANG_WARN_STRICT_PROTOTYPES = YES;
				CLANG_WARN_SUSPICIOUS_MOVE = YES;
				CLANG_WARN_UNGUARDED_AVAILABILITY = YES_AGGRESSIVE;
				CLANG_WARN_UNREACHABLE_CODE = YES;
				CLANG_WARN__DUPLICATE_METHOD_MATCH = YES;
				COPY_PHASE_STRIP = NO;
				DEBUG_INFORMATION_FORMAT = dwarf;
				ENABLE_STRICT_OBJC_MSGSEND = YES;
				ENABLE_TESTABILITY = YES;
				GCC_C_LANGUAGE_STANDARD = gnu11;
				GCC_DYNAMIC_NO_PIC = NO;
				GCC_NO_COMMON_BLOCKS = YES;
				GCC_OPTIMIZATION_LEVEL = 0;
				GCC_PREPROCESSOR_DEFINITIONS = (
					"DEBUG=1",
					"$(inherited)",
				);
				GCC_WARN_64_TO_32_BIT_CONVERSION = YES;
				GCC_WARN_ABOUT_RETURN_TYPE = YES_ERROR;
				GCC_WARN_UNDECLARED_SELECTOR = YES;
				GCC_WARN_UNINITIALIZED_AUTOS = YES_AGGRESSIVE;
				GCC_WARN_UNUSED_FUNCTION = YES;
				GCC_WARN_UNUSED_VARIABLE = YES;
				IPHONEOS_DEPLOYMENT_TARGET = 15.2;
				MTL_ENABLE_DEBUG_INFO = INCLUDE_SOURCE;
				MTL_FAST_MATH = YES;
				ONLY_ACTIVE_ARCH = YES;
				SDKROOT = iphoneos;
				SWIFT_ACTIVE_COMPILATION_CONDITIONS = DEBUG;
				SWIFT_OPTIMIZATION_LEVEL = "-Onone";
			};
			name = Debug;
		};
		DFDC13B4291AA05500D4D7CC /* Release */ = {
			isa = XCBuildConfiguration;
			buildSettings = {
				ALWAYS_SEARCH_USER_PATHS = NO;
				CLANG_ANALYZER_NONNULL = YES;
				CLANG_ANALYZER_NUMBER_OBJECT_CONVERSION = YES_AGGRESSIVE;
				CLANG_CXX_LANGUAGE_STANDARD = "gnu++17";
				CLANG_CXX_LIBRARY = "libc++";
				CLANG_ENABLE_MODULES = YES;
				CLANG_ENABLE_OBJC_ARC = YES;
				CLANG_ENABLE_OBJC_WEAK = YES;
				CLANG_WARN_BLOCK_CAPTURE_AUTORELEASING = YES;
				CLANG_WARN_BOOL_CONVERSION = YES;
				CLANG_WARN_COMMA = YES;
				CLANG_WARN_CONSTANT_CONVERSION = YES;
				CLANG_WARN_DEPRECATED_OBJC_IMPLEMENTATIONS = YES;
				CLANG_WARN_DIRECT_OBJC_ISA_USAGE = YES_ERROR;
				CLANG_WARN_DOCUMENTATION_COMMENTS = YES;
				CLANG_WARN_EMPTY_BODY = YES;
				CLANG_WARN_ENUM_CONVERSION = YES;
				CLANG_WARN_INFINITE_RECURSION = YES;
				CLANG_WARN_INT_CONVERSION = YES;
				CLANG_WARN_NON_LITERAL_NULL_CONVERSION = YES;
				CLANG_WARN_OBJC_IMPLICIT_RETAIN_SELF = YES;
				CLANG_WARN_OBJC_LITERAL_CONVERSION = YES;
				CLANG_WARN_OBJC_ROOT_CLASS = YES_ERROR;
				CLANG_WARN_QUOTED_INCLUDE_IN_FRAMEWORK_HEADER = YES;
				CLANG_WARN_RANGE_LOOP_ANALYSIS = YES;
				CLANG_WARN_STRICT_PROTOTYPES = YES;
				CLANG_WARN_SUSPICIOUS_MOVE = YES;
				CLANG_WARN_UNGUARDED_AVAILABILITY = YES_AGGRESSIVE;
				CLANG_WARN_UNREACHABLE_CODE = YES;
				CLANG_WARN__DUPLICATE_METHOD_MATCH = YES;
				COPY_PHASE_STRIP = NO;
				DEBUG_INFORMATION_FORMAT = "dwarf-with-dsym";
				ENABLE_NS_ASSERTIONS = NO;
				ENABLE_STRICT_OBJC_MSGSEND = YES;
				GCC_C_LANGUAGE_STANDARD = gnu11;
				GCC_NO_COMMON_BLOCKS = YES;
				GCC_WARN_64_TO_32_BIT_CONVERSION = YES;
				GCC_WARN_ABOUT_RETURN_TYPE = YES_ERROR;
				GCC_WARN_UNDECLARED_SELECTOR = YES;
				GCC_WARN_UNINITIALIZED_AUTOS = YES_AGGRESSIVE;
				GCC_WARN_UNUSED_FUNCTION = YES;
				GCC_WARN_UNUSED_VARIABLE = YES;
				IPHONEOS_DEPLOYMENT_TARGET = 15.2;
				MTL_ENABLE_DEBUG_INFO = NO;
				MTL_FAST_MATH = YES;
				SDKROOT = iphoneos;
				SWIFT_COMPILATION_MODE = wholemodule;
				SWIFT_OPTIMIZATION_LEVEL = "-O";
				VALIDATE_PRODUCT = YES;
			};
			name = Release;
		};
		DFDC13B6291AA05500D4D7CC /* Debug */ = {
			isa = XCBuildConfiguration;
			buildSettings = {
				ASSETCATALOG_COMPILER_APPICON_NAME = AppIcon;
				ASSETCATALOG_COMPILER_GLOBAL_ACCENT_COLOR_NAME = AccentColor;
				CODE_SIGN_STYLE = Automatic;
				CURRENT_PROJECT_VERSION = 1;
				DEVELOPMENT_TEAM = JBL3HLSBNG;
				GENERATE_INFOPLIST_FILE = YES;
				INFOPLIST_FILE = ViperArchitecture/Info.plist;
				INFOPLIST_KEY_UIApplicationSupportsIndirectInputEvents = YES;
				INFOPLIST_KEY_UILaunchStoryboardName = LaunchScreen;
				INFOPLIST_KEY_UISupportedInterfaceOrientations_iPad = "UIInterfaceOrientationPortrait UIInterfaceOrientationPortraitUpsideDown UIInterfaceOrientationLandscapeLeft UIInterfaceOrientationLandscapeRight";
				INFOPLIST_KEY_UISupportedInterfaceOrientations_iPhone = "UIInterfaceOrientationPortrait UIInterfaceOrientationLandscapeLeft UIInterfaceOrientationLandscapeRight";
				LD_RUNPATH_SEARCH_PATHS = (
					"$(inherited)",
					"@executable_path/Frameworks",
				);
				MARKETING_VERSION = 1.0;
				PRODUCT_BUNDLE_IDENTIFIER = cemgirgin.ViperArchitecture;
				PRODUCT_NAME = "$(TARGET_NAME)";
				SWIFT_EMIT_LOC_STRINGS = YES;
				SWIFT_VERSION = 5.0;
				TARGETED_DEVICE_FAMILY = "1,2";
			};
			name = Debug;
		};
		DFDC13B7291AA05500D4D7CC /* Release */ = {
			isa = XCBuildConfiguration;
			buildSettings = {
				ASSETCATALOG_COMPILER_APPICON_NAME = AppIcon;
				ASSETCATALOG_COMPILER_GLOBAL_ACCENT_COLOR_NAME = AccentColor;
				CODE_SIGN_STYLE = Automatic;
				CURRENT_PROJECT_VERSION = 1;
				DEVELOPMENT_TEAM = JBL3HLSBNG;
				GENERATE_INFOPLIST_FILE = YES;
				INFOPLIST_FILE = ViperArchitecture/Info.plist;
				INFOPLIST_KEY_UIApplicationSupportsIndirectInputEvents = YES;
				INFOPLIST_KEY_UILaunchStoryboardName = LaunchScreen;
				INFOPLIST_KEY_UISupportedInterfaceOrientations_iPad = "UIInterfaceOrientationPortrait UIInterfaceOrientationPortraitUpsideDown UIInterfaceOrientationLandscapeLeft UIInterfaceOrientationLandscapeRight";
				INFOPLIST_KEY_UISupportedInterfaceOrientations_iPhone = "UIInterfaceOrientationPortrait UIInterfaceOrientationLandscapeLeft UIInterfaceOrientationLandscapeRight";
				LD_RUNPATH_SEARCH_PATHS = (
					"$(inherited)",
					"@executable_path/Frameworks",
				);
				MARKETING_VERSION = 1.0;
				PRODUCT_BUNDLE_IDENTIFIER = cemgirgin.ViperArchitecture;
				PRODUCT_NAME = "$(TARGET_NAME)";
				SWIFT_EMIT_LOC_STRINGS = YES;
				SWIFT_VERSION = 5.0;
				TARGETED_DEVICE_FAMILY = "1,2";
			};
			name = Release;
		};
		DFDC13B9291AA05500D4D7CC /* Debug */ = {
			isa = XCBuildConfiguration;
			buildSettings = {
				ALWAYS_EMBED_SWIFT_STANDARD_LIBRARIES = YES;
				BUNDLE_LOADER = "$(TEST_HOST)";
				CODE_SIGN_STYLE = Automatic;
				CURRENT_PROJECT_VERSION = 1;
				DEVELOPMENT_TEAM = JBL3HLSBNG;
				GENERATE_INFOPLIST_FILE = YES;
				IPHONEOS_DEPLOYMENT_TARGET = 15.2;
				MARKETING_VERSION = 1.0;
				PRODUCT_BUNDLE_IDENTIFIER = cemgirgin.ViperArchitectureTests;
				PRODUCT_NAME = "$(TARGET_NAME)";
				SWIFT_EMIT_LOC_STRINGS = NO;
				SWIFT_VERSION = 5.0;
				TARGETED_DEVICE_FAMILY = "1,2";
				TEST_HOST = "$(BUILT_PRODUCTS_DIR)/ViperArchitecture.app/ViperArchitecture";
			};
			name = Debug;
		};
		DFDC13BA291AA05500D4D7CC /* Release */ = {
			isa = XCBuildConfiguration;
			buildSettings = {
				ALWAYS_EMBED_SWIFT_STANDARD_LIBRARIES = YES;
				BUNDLE_LOADER = "$(TEST_HOST)";
				CODE_SIGN_STYLE = Automatic;
				CURRENT_PROJECT_VERSION = 1;
				DEVELOPMENT_TEAM = JBL3HLSBNG;
				GENERATE_INFOPLIST_FILE = YES;
				IPHONEOS_DEPLOYMENT_TARGET = 15.2;
				MARKETING_VERSION = 1.0;
				PRODUCT_BUNDLE_IDENTIFIER = cemgirgin.ViperArchitectureTests;
				PRODUCT_NAME = "$(TARGET_NAME)";
				SWIFT_EMIT_LOC_STRINGS = NO;
				SWIFT_VERSION = 5.0;
				TARGETED_DEVICE_FAMILY = "1,2";
				TEST_HOST = "$(BUILT_PRODUCTS_DIR)/ViperArchitecture.app/ViperArchitecture";
			};
			name = Release;
		};
		DFDC13BC291AA05500D4D7CC /* Debug */ = {
			isa = XCBuildConfiguration;
			buildSettings = {
				ALWAYS_EMBED_SWIFT_STANDARD_LIBRARIES = YES;
				CODE_SIGN_STYLE = Automatic;
				CURRENT_PROJECT_VERSION = 1;
				DEVELOPMENT_TEAM = JBL3HLSBNG;
				GENERATE_INFOPLIST_FILE = YES;
				MARKETING_VERSION = 1.0;
				PRODUCT_BUNDLE_IDENTIFIER = cemgirgin.ViperArchitectureUITests;
				PRODUCT_NAME = "$(TARGET_NAME)";
				SWIFT_EMIT_LOC_STRINGS = NO;
				SWIFT_VERSION = 5.0;
				TARGETED_DEVICE_FAMILY = "1,2";
				TEST_TARGET_NAME = ViperArchitecture;
			};
			name = Debug;
		};
		DFDC13BD291AA05500D4D7CC /* Release */ = {
			isa = XCBuildConfiguration;
			buildSettings = {
				ALWAYS_EMBED_SWIFT_STANDARD_LIBRARIES = YES;
				CODE_SIGN_STYLE = Automatic;
				CURRENT_PROJECT_VERSION = 1;
				DEVELOPMENT_TEAM = JBL3HLSBNG;
				GENERATE_INFOPLIST_FILE = YES;
				MARKETING_VERSION = 1.0;
				PRODUCT_BUNDLE_IDENTIFIER = cemgirgin.ViperArchitectureUITests;
				PRODUCT_NAME = "$(TARGET_NAME)";
				SWIFT_EMIT_LOC_STRINGS = NO;
				SWIFT_VERSION = 5.0;
				TARGETED_DEVICE_FAMILY = "1,2";
				TEST_TARGET_NAME = ViperArchitecture;
			};
			name = Release;
		};
/* End XCBuildConfiguration section */

/* Begin XCConfigurationList section */
		DFDC1386291AA05100D4D7CC /* Build configuration list for PBXProject "ViperArchitecture" */ = {
			isa = XCConfigurationList;
			buildConfigurations = (
				DFDC13B3291AA05500D4D7CC /* Debug */,
				DFDC13B4291AA05500D4D7CC /* Release */,
			);
			defaultConfigurationIsVisible = 0;
			defaultConfigurationName = Release;
		};
		DFDC13B5291AA05500D4D7CC /* Build configuration list for PBXNativeTarget "ViperArchitecture" */ = {
			isa = XCConfigurationList;
			buildConfigurations = (
				DFDC13B6291AA05500D4D7CC /* Debug */,
				DFDC13B7291AA05500D4D7CC /* Release */,
			);
			defaultConfigurationIsVisible = 0;
			defaultConfigurationName = Release;
		};
		DFDC13B8291AA05500D4D7CC /* Build configuration list for PBXNativeTarget "ViperArchitectureTests" */ = {
			isa = XCConfigurationList;
			buildConfigurations = (
				DFDC13B9291AA05500D4D7CC /* Debug */,
				DFDC13BA291AA05500D4D7CC /* Release */,
			);
			defaultConfigurationIsVisible = 0;
			defaultConfigurationName = Release;
		};
		DFDC13BB291AA05500D4D7CC /* Build configuration list for PBXNativeTarget "ViperArchitectureUITests" */ = {
			isa = XCConfigurationList;
			buildConfigurations = (
				DFDC13BC291AA05500D4D7CC /* Debug */,
				DFDC13BD291AA05500D4D7CC /* Release */,
			);
			defaultConfigurationIsVisible = 0;
			defaultConfigurationName = Release;
		};
/* End XCConfigurationList section */
	};
	rootObject = DFDC1383291AA05100D4D7CC /* Project object */;
}
